
Microsoft Visual Studio Solution File, Format Version 12.00
# Visual Studio Version 17
VisualStudioVersion = 17.0.32014.148
MinimumVisualStudioVersion = 10.0.40219.1
Project("{2150E333-8FDC-42A3-9474-1A3956D46DE8}") = "src", "src", "{236A3CE3-29F5-455A-8E43-29ECCE4F9B26}"
EndProject
Project("{9A19103F-16F7-4668-BE54-9A1E7A4F7556}") = "IMC.Domain", "src\IMC.Domain\IMC.Domain.csproj", "{FEDD760B-534A-4740-9C79-D76A2579CCD4}"
EndProject
Project("{9A19103F-16F7-4668-BE54-9A1E7A4F7556}") = "IMC.Infrastructure", "src\IMC.Infrastructure\IMC.Infrastructure.csproj", "{83B0F565-CDD8-4FD0-B0F8-515B7E221DD8}"
EndProject
Project("{9A19103F-16F7-4668-BE54-9A1E7A4F7556}") = "IMC.Application", "src\IMC.Application\IMC.Application.csproj", "{4049323C-72ED-4AA0-B621-572FA4D117DC}"
EndProject
Project("{9A19103F-16F7-4668-BE54-9A1E7A4F7556}") = "IMC.WebUI.Server", "src\IMC.WebUI\Server\IMC.WebUI.Server.csproj", "{6DB30D51-21B8-468E-8B3C-B69AFC382ED9}"
EndProject
Project("{9A19103F-16F7-4668-BE54-9A1E7A4F7556}") = "IMC.WebUI.Client", "src\IMC.WebUI\Client\IMC.WebUI.Client.csproj", "{F5D01048-40F3-4C55-9051-0FC0C54C9CC6}"
EndProject
Global
	GlobalSection(SolutionConfigurationPlatforms) = preSolution
		Debug|Any CPU = Debug|Any CPU
		Release|Any CPU = Release|Any CPU
	EndGlobalSection
	GlobalSection(ProjectConfigurationPlatforms) = postSolution
		{FEDD760B-534A-4740-9C79-D76A2579CCD4}.Debug|Any CPU.ActiveCfg = Debug|Any CPU
		{FEDD760B-534A-4740-9C79-D76A2579CCD4}.Debug|Any CPU.Build.0 = Debug|Any CPU
		{FEDD760B-534A-4740-9C79-D76A2579CCD4}.Release|Any CPU.ActiveCfg = Release|Any CPU
		{FEDD760B-534A-4740-9C79-D76A2579CCD4}.Release|Any CPU.Build.0 = Release|Any CPU
		{83B0F565-CDD8-4FD0-B0F8-515B7E221DD8}.Debug|Any CPU.ActiveCfg = Debug|Any CPU
		{83B0F565-CDD8-4FD0-B0F8-515B7E221DD8}.Debug|Any CPU.Build.0 = Debug|Any CPU
		{83B0F565-CDD8-4FD0-B0F8-515B7E221DD8}.Release|Any CPU.ActiveCfg = Release|Any CPU
		{83B0F565-CDD8-4FD0-B0F8-515B7E221DD8}.Release|Any CPU.Build.0 = Release|Any CPU
		{4049323C-72ED-4AA0-B621-572FA4D117DC}.Debug|Any CPU.ActiveCfg = Debug|Any CPU
		{4049323C-72ED-4AA0-B621-572FA4D117DC}.Debug|Any CPU.Build.0 = Debug|Any CPU
		{4049323C-72ED-4AA0-B621-572FA4D117DC}.Release|Any CPU.ActiveCfg = Release|Any CPU
		{4049323C-72ED-4AA0-B621-572FA4D117DC}.Release|Any CPU.Build.0 = Release|Any CPU
		{6DB30D51-21B8-468E-8B3C-B69AFC382ED9}.Debug|Any CPU.ActiveCfg = Debug|Any CPU
		{6DB30D51-21B8-468E-8B3C-B69AFC382ED9}.Debug|Any CPU.Build.0 = Debug|Any CPU
		{6DB30D51-21B8-468E-8B3C-B69AFC382ED9}.Release|Any CPU.ActiveCfg = Release|Any CPU
		{6DB30D51-21B8-468E-8B3C-B69AFC382ED9}.Release|Any CPU.Build.0 = Release|Any CPU
		{F5D01048-40F3-4C55-9051-0FC0C54C9CC6}.Debug|Any CPU.ActiveCfg = Debug|Any CPU
		{F5D01048-40F3-4C55-9051-0FC0C54C9CC6}.Debug|Any CPU.Build.0 = Debug|Any CPU
		{F5D01048-40F3-4C55-9051-0FC0C54C9CC6}.Release|Any CPU.ActiveCfg = Release|Any CPU
		{F5D01048-40F3-4C55-9051-0FC0C54C9CC6}.Release|Any CPU.Build.0 = Release|Any CPU
	EndGlobalSection
	GlobalSection(SolutionProperties) = preSolution
		HideSolutionNode = FALSE
	EndGlobalSection
	GlobalSection(NestedProjects) = preSolution
		{FEDD760B-534A-4740-9C79-D76A2579CCD4} = {236A3CE3-29F5-455A-8E43-29ECCE4F9B26}
		{83B0F565-CDD8-4FD0-B0F8-515B7E221DD8} = {236A3CE3-29F5-455A-8E43-29ECCE4F9B26}
		{4049323C-72ED-4AA0-B621-572FA4D117DC} = {236A3CE3-29F5-455A-8E43-29ECCE4F9B26}
		{6DB30D51-21B8-468E-8B3C-B69AFC382ED9} = {236A3CE3-29F5-455A-8E43-29ECCE4F9B26}
		{F5D01048-40F3-4C55-9051-0FC0C54C9CC6} = {236A3CE3-29F5-455A-8E43-29ECCE4F9B26}
	EndGlobalSection
	GlobalSection(ExtensibilityGlobals) = postSolution
		SolutionGuid = {BA7AF8CA-BCFD-4893-A166-500DA4A57E71}
	EndGlobalSection
EndGlobal
